// !$*UTF8*$!
{
	archiveVersion = 1;
	classes = {
	};
	objectVersion = 50;
	objects = {

/* Begin PBXBuildFile section */
		5907374328FFE25E003BF55C /* AppDelegate.swift in Sources */ = {isa = PBXBuildFile; fileRef = 5907374228FFE25E003BF55C /* AppDelegate.swift */; };
		5907374528FFE25E003BF55C /* SceneDelegate.swift in Sources */ = {isa = PBXBuildFile; fileRef = 5907374428FFE25E003BF55C /* SceneDelegate.swift */; };
		5907374728FFE25E003BF55C /* ViewController.swift in Sources */ = {isa = PBXBuildFile; fileRef = 5907374628FFE25E003BF55C /* ViewController.swift */; };
		5907374A28FFE25E003BF55C /* Main.storyboard in Resources */ = {isa = PBXBuildFile; fileRef = 5907374828FFE25E003BF55C /* Main.storyboard */; };
		5907374D28FFE25E003BF55C /* yellowBook.xcdatamodeld in Sources */ = {isa = PBXBuildFile; fileRef = 5907374B28FFE25E003BF55C /* yellowBook.xcdatamodeld */; };
		5907374F28FFE260003BF55C /* Assets.xcassets in Resources */ = {isa = PBXBuildFile; fileRef = 5907374E28FFE260003BF55C /* Assets.xcassets */; };
		5907375228FFE260003BF55C /* LaunchScreen.storyboard in Resources */ = {isa = PBXBuildFile; fileRef = 5907375028FFE260003BF55C /* LaunchScreen.storyboard */; };
/* End PBXBuildFile section */

/* Begin PBXFileReference section */
		5907373F28FFE25E003BF55C /* yellowBook.app */ = {isa = PBXFileReference; explicitFileType = wrapper.application; includeInIndex = 0; path = yellowBook.app; sourceTree = BUILT_PRODUCTS_DIR; };
		5907374228FFE25E003BF55C /* AppDelegate.swift */ = {isa = PBXFileReference; lastKnownFileType = sourcecode.swift; path = AppDelegate.swift; sourceTree = "<group>"; };
		5907374428FFE25E003BF55C /* SceneDelegate.swift */ = {isa = PBXFileReference; lastKnownFileType = sourcecode.swift; path = SceneDelegate.swift; sourceTree = "<group>"; };
		5907374628FFE25E003BF55C /* ViewController.swift */ = {isa = PBXFileReference; lastKnownFileType = sourcecode.swift; path = ViewController.swift; sourceTree = "<group>"; };
		5907374928FFE25E003BF55C /* Base */ = {isa = PBXFileReference; lastKnownFileType = file.storyboard; name = Base; path = Base.lproj/Main.storyboard; sourceTree = "<group>"; };
		5907374C28FFE25E003BF55C /* yellowBook.xcdatamodel */ = {isa = PBXFileReference; lastKnownFileType = wrapper.xcdatamodel; path = yellowBook.xcdatamodel; sourceTree = "<group>"; };
		5907374E28FFE260003BF55C /* Assets.xcassets */ = {isa = PBXFileReference; lastKnownFileType = folder.assetcatalog; path = Assets.xcassets; sourceTree = "<group>"; };
		5907375128FFE260003BF55C /* Base */ = {isa = PBXFileReference; lastKnownFileType = file.storyboard; name = Base; path = Base.lproj/LaunchScreen.storyboard; sourceTree = "<group>"; };
		5907375328FFE260003BF55C /* Info.plist */ = {isa = PBXFileReference; lastKnownFileType = text.plist.xml; path = Info.plist; sourceTree = "<group>"; };
/* End PBXFileReference section */

/* Begin PBXFrameworksBuildPhase section */
		5907373C28FFE25E003BF55C /* Frameworks */ = {
			isa = PBXFrameworksBuildPhase;
			buildActionMask = 2147483647;
			files = (
			);
			runOnlyForDeploymentPostprocessing = 0;
		};
/* End PBXFrameworksBuildPhase section */

/* Begin PBXGroup section */
		5907373628FFE25E003BF55C = {
			isa = PBXGroup;
			children = (
				5907374128FFE25E003BF55C /* yellowBook */,
				5907374028FFE25E003BF55C /* Products */,
			);
			sourceTree = "<group>";
		};
		5907374028FFE25E003BF55C /* Products */ = {
			isa = PBXGroup;
			children = (
				5907373F28FFE25E003BF55C /* yellowBook.app */,
			);
			name = Products;
			sourceTree = "<group>";
		};
		5907374128FFE25E003BF55C /* yellowBook */ = {
			isa = PBXGroup;
			children = (
				5907374228FFE25E003BF55C /* AppDelegate.swift */,
				5907374428FFE25E003BF55C /* SceneDelegate.swift */,
				5907374628FFE25E003BF55C /* ViewController.swift */,
				5907374828FFE25E003BF55C /* Main.storyboard */,
				5907374E28FFE260003BF55C /* Assets.xcassets */,
				5907375028FFE260003BF55C /* LaunchScreen.storyboard */,
				5907375328FFE260003BF55C /* Info.plist */,
				5907374B28FFE25E003BF55C /* yellowBook.xcdatamodeld */,
			);
			path = yellowBook;
			sourceTree = "<group>";
		};
/* End PBXGroup section */

/* Begin PBXNativeTarget section */
		5907373E28FFE25E003BF55C /* yellowBook */ = {
			isa = PBXNativeTarget;
			buildConfigurationList = 5907375628FFE260003BF55C /* Build configuration list for PBXNativeTarget "yellowBook" */;
			buildPhases = (
				5907373B28FFE25E003BF55C /* Sources */,
				5907373C28FFE25E003BF55C /* Frameworks */,
				5907373D28FFE25E003BF55C /* Resources */,
			);
			buildRules = (
			);
			dependencies = (
			);
			name = yellowBook;
			productName = yellowBook;
			productReference = 5907373F28FFE25E003BF55C /* yellowBook.app */;
			productType = "com.apple.product-type.application";
		};
/* End PBXNativeTarget section */

/* Begin PBXProject section */
		5907373728FFE25E003BF55C /* Project object */ = {
			isa = PBXProject;
			attributes = {
				LastSwiftUpdateCheck = 1230;
				LastUpgradeCheck = 1230;
				TargetAttributes = {
					5907373E28FFE25E003BF55C = {
						CreatedOnToolsVersion = 12.3;
					};
				};
			};
			buildConfigurationList = 5907373A28FFE25E003BF55C /* Build configuration list for PBXProject "yellowBook" */;
			compatibilityVersion = "Xcode 9.3";
			developmentRegion = en;
			hasScannedForEncodings = 0;
			knownRegions = (
				en,
				Base,
			);
			mainGroup = 5907373628FFE25E003BF55C;
			productRefGroup = 5907374028FFE25E003BF55C /* Products */;
			projectDirPath = "";
			projectRoot = "";
			targets = (
				5907373E28FFE25E003BF55C /* yellowBook */,
			);
		};
/* End PBXProject section */

/* Begin PBXResourcesBuildPhase section */
		5907373D28FFE25E003BF55C /* Resources */ = {
			isa = PBXResourcesBuildPhase;
			buildActionMask = 2147483647;
			files = (
				5907375228FFE260003BF55C /* LaunchScreen.storyboard in Resources */,
				5907374F28FFE260003BF55C /* Assets.xcassets in Resources */,
				5907374A28FFE25E003BF55C /* Main.storyboard in Resources */,
			);
			runOnlyForDeploymentPostprocessing = 0;
		};
/* End PBXResourcesBuildPhase section */

/* Begin PBXSourcesBuildPhase section */
		5907373B28FFE25E003BF55C /* Sources */ = {
			isa = PBXSourcesBuildPhase;
			buildActionMask = 2147483647;
			files = (
				5907374728FFE25E003BF55C /* ViewController.swift in Sources */,
				5907374328FFE25E003BF55C /* AppDelegate.swift in Sources */,
				5907374D28FFE25E003BF55C /* yellowBook.xcdatamodeld in Sources */,
				5907374528FFE25E003BF55C /* SceneDelegate.swift in Sources */,
			);
			runOnlyForDeploymentPostprocessing = 0;
		};
/* End PBXSourcesBuildPhase section */

/* Begin PBXVariantGroup section */
		5907374828FFE25E003BF55C /* Main.storyboard */ = {
			isa = PBXVariantGroup;
			children = (
				5907374928FFE25E003BF55C /* Base */,
			);
			name = Main.storyboard;
			sourceTree = "<group>";
		};
		5907375028FFE260003BF55C /* LaunchScreen.storyboard */ = {
			isa = PBXVariantGroup;
			children = (
				5907375128FFE260003BF55C /* Base */,
			);
			name = LaunchScreen.storyboard;
			sourceTree = "<group>";
		};
/* End PBXVariantGroup section */

/* Begin XCBuildConfiguration section */
		5907375428FFE260003BF55C /* Debug */ = {
			isa = XCBuildConfiguration;
			buildSettings = {
				ALWAYS_SEARCH_USER_PATHS = NO;
				CLANG_ANALYZER_NONNULL = YES;
				CLANG_ANALYZER_NUMBER_OBJECT_CONVERSION = YES_AGGRESSIVE;
				CLANG_CXX_LANGUAGE_STANDARD = "gnu++14";
				CLANG_CXX_LIBRARY = "libc++";
				CLANG_ENABLE_MODULES = YES;
				CLANG_ENABLE_OBJC_ARC = YES;
				CLANG_ENABLE_OBJC_WEAK = YES;
				CLANG_WARN_BLOCK_CAPTURE_AUTORELEASING = YES;
				CLANG_WARN_BOOL_CONVERSION = YES;
				CLANG_WARN_COMMA = YES;
				CLANG_WARN_CONSTANT_CONVERSION = YES;
				CLANG_WARN_DEPRECATED_OBJC_IMPLEMENTATIONS = YES;
				CLANG_WARN_DIRECT_OBJC_ISA_USAGE = YES_ERROR;
				CLANG_WARN_DOCUMENTATION_COMMENTS = YES;
				CLANG_WARN_EMPTY_BODY = YES;
				CLANG_WARN_ENUM_CONVERSION = YES;
				CLANG_WARN_INFINITE_RECURSION = YES;
				CLANG_WARN_INT_CONVERSION = YES;
				CLANG_WARN_NON_LITERAL_NULL_CONVERSION = YES;
				CLANG_WARN_OBJC_IMPLICIT_RETAIN_SELF = YES;
				CLANG_WARN_OBJC_LITERAL_CONVERSION = YES;
				CLANG_WARN_OBJC_ROOT_CLASS = YES_ERROR;
				CLANG_WARN_QUOTED_INCLUDE_IN_FRAMEWORK_HEADER = YES;
				CLANG_WARN_RANGE_LOOP_ANALYSIS = YES;
				CLANG_WARN_STRICT_PROTOTYPES = YES;
				CLANG_WARN_SUSPICIOUS_MOVE = YES;
				CLANG_WARN_UNGUARDED_AVAILABILITY = YES_AGGRESSIVE;
				CLANG_WARN_UNREACHABLE_CODE = YES;
				CLANG_WARN__DUPLICATE_METHOD_MATCH = YES;
				COPY_PHASE_STRIP = NO;
				DEBUG_INFORMATION_FORMAT = dwarf;
				ENABLE_STRICT_OBJC_MSGSEND = YES;
				ENABLE_TESTABILITY = YES;
				GCC_C_LANGUAGE_STANDARD = gnu11;
				GCC_DYNAMIC_NO_PIC = NO;
				GCC_NO_COMMON_BLOCKS = YES;
				GCC_OPTIMIZATION_LEVEL = 0;
				GCC_PREPROCESSOR_DEFINITIONS = (
					"DEBUG=1",
					"$(inherited)",
				);
				GCC_WARN_64_TO_32_BIT_CONVERSION = YES;
				GCC_WARN_ABOUT_RETURN_TYPE = YES_ERROR;
				GCC_WARN_UNDECLARED_SELECTOR = YES;
				GCC_WARN_UNINITIALIZED_AUTOS = YES_AGGRESSIVE;
				GCC_WARN_UNUSED_FUNCTION = YES;
				GCC_WARN_UNUSED_VARIABLE = YES;
				IPHONEOS_DEPLOYMENT_TARGET = 14.3;
				MTL_ENABLE_DEBUG_INFO = INCLUDE_SOURCE;
				MTL_FAST_MATH = YES;
				ONLY_ACTIVE_ARCH = YES;
				SDKROOT = iphoneos;
				SWIFT_ACTIVE_COMPILATION_CONDITIONS = DEBUG;
				SWIFT_OPTIMIZATION_LEVEL = "-Onone";
			};
			name = Debug;
		};
		5907375528FFE260003BF55C /* Release */ = {
			isa = XCBuildConfiguration;
			buildSettings = {
				ALWAYS_SEARCH_USER_PATHS = NO;
				CLANG_ANALYZER_NONNULL = YES;
				CLANG_ANALYZER_NUMBER_OBJECT_CONVERSION = YES_AGGRESSIVE;
				CLANG_CXX_LANGUAGE_STANDARD = "gnu++14";
				CLANG_CXX_LIBRARY = "libc++";
				CLANG_ENABLE_MODULES = YES;
				CLANG_ENABLE_OBJC_ARC = YES;
				CLANG_ENABLE_OBJC_WEAK = YES;
				CLANG_WARN_BLOCK_CAPTURE_AUTORELEASING = YES;
				CLANG_WARN_BOOL_CONVERSION = YES;
				CLANG_WARN_COMMA = YES;
				CLANG_WARN_CONSTANT_CONVERSION = YES;
				CLANG_WARN_DEPRECATED_OBJC_IMPLEMENTATIONS = YES;
				CLANG_WARN_DIRECT_OBJC_ISA_USAGE = YES_ERROR;
				CLANG_WARN_DOCUMENTATION_COMMENTS = YES;
				CLANG_WARN_EMPTY_BODY = YES;
				CLANG_WARN_ENUM_CONVERSION = YES;
				CLANG_WARN_INFINITE_RECURSION = YES;
				CLANG_WARN_INT_CONVERSION = YES;
				CLANG_WARN_NON_LITERAL_NULL_CONVERSION = YES;
				CLANG_WARN_OBJC_IMPLICIT_RETAIN_SELF = YES;
				CLANG_WARN_OBJC_LITERAL_CONVERSION = YES;
				CLANG_WARN_OBJC_ROOT_CLASS = YES_ERROR;
				CLANG_WARN_QUOTED_INCLUDE_IN_FRAMEWORK_HEADER = YES;
				CLANG_WARN_RANGE_LOOP_ANALYSIS = YES;
				CLANG_WARN_STRICT_PROTOTYPES = YES;
				CLANG_WARN_SUSPICIOUS_MOVE = YES;
				CLANG_WARN_UNGUARDED_AVAILABILITY = YES_AGGRESSIVE;
				CLANG_WARN_UNREACHABLE_CODE = YES;
				CLANG_WARN__DUPLICATE_METHOD_MATCH = YES;
				COPY_PHASE_STRIP = NO;
				DEBUG_INFORMATION_FORMAT = "dwarf-with-dsym";
				ENABLE_NS_ASSERTIONS = NO;
				ENABLE_STRICT_OBJC_MSGSEND = YES;
				GCC_C_LANGUAGE_STANDARD = gnu11;
				GCC_NO_COMMON_BLOCKS = YES;
				GCC_WARN_64_TO_32_BIT_CONVERSION = YES;
				GCC_WARN_ABOUT_RETURN_TYPE = YES_ERROR;
				GCC_WARN_UNDECLARED_SELECTOR = YES;
				GCC_WARN_UNINITIALIZED_AUTOS = YES_AGGRESSIVE;
				GCC_WARN_UNUSED_FUNCTION = YES;
				GCC_WARN_UNUSED_VARIABLE = YES;
				IPHONEOS_DEPLOYMENT_TARGET = 14.3;
				MTL_ENABLE_DEBUG_INFO = NO;
				MTL_FAST_MATH = YES;
				SDKROOT = iphoneos;
				SWIFT_COMPILATION_MODE = wholemodule;
				SWIFT_OPTIMIZATION_LEVEL = "-O";
				VALIDATE_PRODUCT = YES;
			};
			name = Release;
		};
		5907375728FFE260003BF55C /* Debug */ = {
			isa = XCBuildConfiguration;
			buildSettings = {
				ASSETCATALOG_COMPILER_APPICON_NAME = AppIcon;
				ASSETCATALOG_COMPILER_GLOBAL_ACCENT_COLOR_NAME = AccentColor;
				CODE_SIGN_STYLE = Automatic;
				INFOPLIST_FILE = yellowBook/Info.plist;
				LD_RUNPATH_SEARCH_PATHS = (
					"$(inherited)",
					"@executable_path/Frameworks",
				);
				PRODUCT_BUNDLE_IDENTIFIER = com.baidu.www.yellowBook;
				PRODUCT_NAME = "$(TARGET_NAME)";
				SWIFT_VERSION = 5.0;
				TARGETED_DEVICE_FAMILY = "1,2";
			};
			name = Debug;
		};
		5907375828FFE260003BF55C /* Release */ = {
			isa = XCBuildConfiguration;
			buildSettings = {
				ASSETCATALOG_COMPILER_APPICON_NAME = AppIcon;
				ASSETCATALOG_COMPILER_GLOBAL_ACCENT_COLOR_NAME = AccentColor;
				CODE_SIGN_STYLE = Automatic;
				INFOPLIST_FILE = yellowBook/Info.plist;
				LD_RUNPATH_SEARCH_PATHS = (
					"$(inherited)",
					"@executable_path/Frameworks",
				);
				PRODUCT_BUNDLE_IDENTIFIER = com.baidu.www.yellowBook;
				PRODUCT_NAME = "$(TARGET_NAME)";
				SWIFT_VERSION = 5.0;
				TARGETED_DEVICE_FAMILY = "1,2";
			};
			name = Release;
		};
/* End XCBuildConfiguration section */

/* Begin XCConfigurationList section */
		5907373A28FFE25E003BF55C /* Build configuration list for PBXProject "yellowBook" */ = {
			isa = XCConfigurationList;
			buildConfigurations = (
				5907375428FFE260003BF55C /* Debug */,
				5907375528FFE260003BF55C /* Release */,
			);
			defaultConfigurationIsVisible = 0;
			defaultConfigurationName = Release;
		};
		5907375628FFE260003BF55C /* Build configuration list for PBXNativeTarget "yellowBook" */ = {
			isa = XCConfigurationList;
			buildConfigurations = (
				5907375728FFE260003BF55C /* Debug */,
				5907375828FFE260003BF55C /* Release */,
			);
			defaultConfigurationIsVisible = 0;
			defaultConfigurationName = Release;
		};
/* End XCConfigurationList section */

/* Begin XCVersionGroup section */
		5907374B28FFE25E003BF55C /* yellowBook.xcdatamodeld */ = {
			isa = XCVersionGroup;
			children = (
				5907374C28FFE25E003BF55C /* yellowBook.xcdatamodel */,
			);
			currentVersion = 5907374C28FFE25E003BF55C /* yellowBook.xcdatamodel */;
			path = yellowBook.xcdatamodeld;
			sourceTree = "<group>";
			versionGroupType = wrapper.xcdatamodel;
		};
/* End XCVersionGroup section */
	};
	rootObject = 5907373728FFE25E003BF55C /* Project object */;
}
